
Microsoft Visual Studio Solution File, Format Version 12.00
# Visual Studio Version 16
VisualStudioVersion = 16.0.31605.320
MinimumVisualStudioVersion = 10.0.40219.1
Project("{FAE04EC0-301F-11D3-BF4B-00C04F79EFBC}") = "DIConsole", "DIConsole\DIConsole.csproj", "{9ADBEDA4-64BB-4728-88C8-5D463147B9FB}"
EndProject
Global
	GlobalSection(SolutionConfigurationPlatforms) = preSolution
		Debug|Any CPU = Debug|Any CPU
		Release|Any CPU = Release|Any CPU
	EndGlobalSection
	GlobalSection(ProjectConfigurationPlatforms) = postSolution
		{9ADBEDA4-64BB-4728-88C8-5D463147B9FB}.Debug|Any CPU.ActiveCfg = Debug|Any CPU
		{9ADBEDA4-64BB-4728-88C8-5D463147B9FB}.Debug|Any CPU.Build.0 = Debug|Any CPU
		{9ADBEDA4-64BB-4728-88C8-5D463147B9FB}.Release|Any CPU.ActiveCfg = Release|Any CPU
		{9ADBEDA4-64BB-4728-88C8-5D463147B9FB}.Release|Any CPU.Build.0 = Release|Any CPU
	EndGlobalSection
	GlobalSection(SolutionProperties) = preSolution
		HideSolutionNode = FALSE
	EndGlobalSection
	GlobalSection(ExtensibilityGlobals) = postSolution
		SolutionGuid = {422C7ADC-5F73-4F96-9342-ABF259A236A3}
	EndGlobalSection
EndGlobal
